{
  "version": "3",
  "packages": {
    "specifiers": {
      "jsr:@geacko/mimes@^1.0.1": "jsr:@geacko/mimes@1.0.1"
    },
    "jsr": {
      "@geacko/mimes@1.0.1": {
        "integrity": "bdbaefad4eed07d2af0620ff0cbce5d0239c3ad7ba4ffdf6619019210d4896e9"
      }
    }
  },
  "remote": {},
  "workspace": {
    "dependencies": [
      "jsr:@geacko/mimes@^1.0.1"
    ]
  }
}
