{
  "version": "3",
  "packages": {
    "specifiers": {
      "jsr:@geacko/mimes@^1.0.0": "jsr:@geacko/mimes@1.0.0",
      "jsr:@geacko/pipe": "jsr:@geacko/pipe@1.0.0"
    },
    "jsr": {
      "@geacko/mimes@1.0.0": {
        "integrity": "f2d35aae8a0cdb7853c3a77e9d5817662bad14e5b70701efaf3b35da10ad52c8"
      },
      "@geacko/pipe@1.0.0": {
        "integrity": "c0afeb2661aeba45affc9875ea353cb54fedad291853c9ed64a3a8a94d6e1a2e"
      }
    }
  },
  "remote": {},
  "workspace": {
    "dependencies": [
      "jsr:@geacko/mimes@^1.0.0"
    ]
  }
}
